154.pages.dev/encoding v1.15.6 h1:chfksbrRcHj9qob6ercc/mf3/k6VPLQhEBjA7CDBcvU=
154.pages.dev/encoding v1.15.6/go.mod h1:KHWBwxsigaRVpDqFu8UgUcJzvEW3qJveq9YfVV90OiY=
154.pages.dev/log v1.0.8 h1:oZnT/y4MhNwIaa3Xo8d0sESht+9T0LnXn1Ey5CIvOl0=
154.pages.dev/log v1.0.8/go.mod h1:nopBF2oieijp+lBbRjqKzUKnMgJgL8JD3tnguQ9bFWg=
154.pages.dev/media v1.7.4 h1:LYnaGr0KqVTNbtLGpp1/Vz7/Qa4jWu7xYHPsvJMaIDs=
154.pages.dev/media v1.7.4/go.mod h1:6I+Pl4i/cJ6raBIx87MtOQbQqN1d3aZAwrSZPZvaOzU=
