154.pages.dev/encoding v1.15.3 h1:Vu7T9T4idfhlsXaTwQEneJJTELjojzXf2WUVb2HQwM4=
154.pages.dev/encoding v1.15.3/go.mod h1:KHWBwxsigaRVpDqFu8UgUcJzvEW3qJveq9YfVV90OiY=
154.pages.dev/log v1.0.6 h1:+fCV1DGr0L0PHJBHC6m8kt0+Is/eTl4H4cWAPBpbh3s=
154.pages.dev/log v1.0.6/go.mod h1:K6mJGITyxwyDnXnoyRrsRuqR+TyokLCr4MpGleLSWsg=
