154.pages.dev/encoding v1.20.8 h1:VfakL3n4ntTf4ptD73LCX1L+4rvJOYpA9WtHjUeuYxQ=
154.pages.dev/encoding v1.20.8/go.mod h1:fTySlfwgtzBCCjzr+f4ncnWleN3AGgUilIWjGy2MPcw=
154.pages.dev/google v1.4.3 h1:0P9DvxSs//IC6tkLoYbgdllMeCJproMUIuCzWHO7Ps4=
154.pages.dev/google v1.4.3/go.mod h1:k6lSE3ulMUTH7mCm6C8DUK4K1Tv4uKzX1Li8nksWdZQ=
154.pages.dev/protobuf v1.2.0 h1:mA9M6BQ3kRQwy5hXq6vtKcvZWcvtBjGVLc7EIGvBkVc=
154.pages.dev/protobuf v1.2.0/go.mod h1:kFM1NMn73gQZwDNqF24zulewOIORP/4Etn1L6qlTc3U=
google.golang.org/protobuf v1.33.0 h1:uNO2rsAINq/JlFpSdYEKIZ0uKD/R9cpdv0T+yoGwGmI=
google.golang.org/protobuf v1.33.0/go.mod h1:c6P6GXX6sHbq/GpV6MGZEdwhWPcYBgnhAHhKbcUYpos=
